
Microsoft Visual Studio Solution File, Format Version 12.00
# Visual Studio Version 17
VisualStudioVersion = 17.0.32014.148
MinimumVisualStudioVersion = 10.0.40219.1
Project("{FAE04EC0-301F-11D3-BF4B-00C04F79EFBC}") = "PublishToNuget", "PublishToNuget\PublishToNuget.csproj", "{FED8D72D-41E4-4DE2-BD29-8B0DA7BC02E5}"
EndProject
Global
	GlobalSection(SolutionConfigurationPlatforms) = preSolution
		Debug|Any CPU = Debug|Any CPU
		Debug|x86 = Debug|x86
		Release|Any CPU = Release|Any CPU
		Release|x86 = Release|x86
	EndGlobalSection
	GlobalSection(ProjectConfigurationPlatforms) = postSolution
		{FED8D72D-41E4-4DE2-BD29-8B0DA7BC02E5}.Debug|Any CPU.ActiveCfg = Debug|Any CPU
		{FED8D72D-41E4-4DE2-BD29-8B0DA7BC02E5}.Debug|Any CPU.Build.0 = Debug|Any CPU
		{FED8D72D-41E4-4DE2-BD29-8B0DA7BC02E5}.Debug|x86.ActiveCfg = Debug|x86
		{FED8D72D-41E4-4DE2-BD29-8B0DA7BC02E5}.Debug|x86.Build.0 = Debug|x86
		{FED8D72D-41E4-4DE2-BD29-8B0DA7BC02E5}.Release|Any CPU.ActiveCfg = Release|Any CPU
		{FED8D72D-41E4-4DE2-BD29-8B0DA7BC02E5}.Release|Any CPU.Build.0 = Release|Any CPU
		{FED8D72D-41E4-4DE2-BD29-8B0DA7BC02E5}.Release|x86.ActiveCfg = Release|x86
		{FED8D72D-41E4-4DE2-BD29-8B0DA7BC02E5}.Release|x86.Build.0 = Release|x86
	EndGlobalSection
	GlobalSection(SolutionProperties) = preSolution
		HideSolutionNode = FALSE
	EndGlobalSection
	GlobalSection(ExtensibilityGlobals) = postSolution
		SolutionGuid = {6664078E-3519-442C-8888-7880AFB871C0}
	EndGlobalSection
EndGlobal
